// !$*UTF8*$!
{
	archiveVersion = 1;
	classes = {
	};
	objectVersion = 46;
	objects = {

/* Begin PBXBuildFile section */
		20E33BDD1DF437E7008AB23C /* AppDelegate.swift in Sources */ = {isa = PBXBuildFile; fileRef = 20E33BDC1DF437E7008AB23C /* AppDelegate.swift */; };
		20E33BDF1DF437E7008AB23C /* ViewController.swift in Sources */ = {isa = PBXBuildFile; fileRef = 20E33BDE1DF437E7008AB23C /* ViewController.swift */; };
		20E33BE21DF437E7008AB23C /* Main.storyboard in Resources */ = {isa = PBXBuildFile; fileRef = 20E33BE01DF437E7008AB23C /* Main.storyboard */; };
		20E33BE51DF437E7008AB23C /* Pokemon.xcdatamodeld in Sources */ = {isa = PBXBuildFile; fileRef = 20E33BE31DF437E7008AB23C /* Pokemon.xcdatamodeld */; };
		20E33BE71DF437E7008AB23C /* Assets.xcassets in Resources */ = {isa = PBXBuildFile; fileRef = 20E33BE61DF437E7008AB23C /* Assets.xcassets */; };
		20E33BEA1DF437E7008AB23C /* LaunchScreen.storyboard in Resources */ = {isa = PBXBuildFile; fileRef = 20E33BE81DF437E7008AB23C /* LaunchScreen.storyboard */; };
/* End PBXBuildFile section */

/* Begin PBXFileReference section */
		20E33BD91DF437E7008AB23C /* Pokemon.app */ = {isa = PBXFileReference; explicitFileType = wrapper.application; includeInIndex = 0; path = Pokemon.app; sourceTree = BUILT_PRODUCTS_DIR; };
		20E33BDC1DF437E7008AB23C /* AppDelegate.swift */ = {isa = PBXFileReference; lastKnownFileType = sourcecode.swift; path = AppDelegate.swift; sourceTree = "<group>"; };
		20E33BDE1DF437E7008AB23C /* ViewController.swift */ = {isa = PBXFileReference; lastKnownFileType = sourcecode.swift; path = ViewController.swift; sourceTree = "<group>"; };
		20E33BE11DF437E7008AB23C /* Base */ = {isa = PBXFileReference; lastKnownFileType = file.storyboard; name = Base; path = Base.lproj/Main.storyboard; sourceTree = "<group>"; };
		20E33BE41DF437E7008AB23C /* Pokemon.xcdatamodel */ = {isa = PBXFileReference; lastKnownFileType = wrapper.xcdatamodel; path = Pokemon.xcdatamodel; sourceTree = "<group>"; };
		20E33BE61DF437E7008AB23C /* Assets.xcassets */ = {isa = PBXFileReference; lastKnownFileType = folder.assetcatalog; path = Assets.xcassets; sourceTree = "<group>"; };
		20E33BE91DF437E7008AB23C /* Base */ = {isa = PBXFileReference; lastKnownFileType = file.storyboard; name = Base; path = Base.lproj/LaunchScreen.storyboard; sourceTree = "<group>"; };
		20E33BEB1DF437E7008AB23C /* Info.plist */ = {isa = PBXFileReference; lastKnownFileType = text.plist.xml; path = Info.plist; sourceTree = "<group>"; };
/* End PBXFileReference section */

/* Begin PBXFrameworksBuildPhase section */
		20E33BD61DF437E6008AB23C /* Frameworks */ = {
			isa = PBXFrameworksBuildPhase;
			buildActionMask = 2147483647;
			files = (
			);
			runOnlyForDeploymentPostprocessing = 0;
		};
/* End PBXFrameworksBuildPhase section */

/* Begin PBXGroup section */
		20E33BD01DF437E6008AB23C = {
			isa = PBXGroup;
			children = (
				20E33BDB1DF437E7008AB23C /* Pokemon */,
				20E33BDA1DF437E7008AB23C /* Products */,
			);
			sourceTree = "<group>";
		};
		20E33BDA1DF437E7008AB23C /* Products */ = {
			isa = PBXGroup;
			children = (
				20E33BD91DF437E7008AB23C /* Pokemon.app */,
			);
			name = Products;
			sourceTree = "<group>";
		};
		20E33BDB1DF437E7008AB23C /* Pokemon */ = {
			isa = PBXGroup;
			children = (
				20E33BDC1DF437E7008AB23C /* AppDelegate.swift */,
				20E33BDE1DF437E7008AB23C /* ViewController.swift */,
				20E33BE01DF437E7008AB23C /* Main.storyboard */,
				20E33BE61DF437E7008AB23C /* Assets.xcassets */,
				20E33BE81DF437E7008AB23C /* LaunchScreen.storyboard */,
				20E33BEB1DF437E7008AB23C /* Info.plist */,
				20E33BE31DF437E7008AB23C /* Pokemon.xcdatamodeld */,
			);
			path = Pokemon;
			sourceTree = "<group>";
		};
/* End PBXGroup section */

/* Begin PBXNativeTarget section */
		20E33BD81DF437E6008AB23C /* Pokemon */ = {
			isa = PBXNativeTarget;
			buildConfigurationList = 20E33BEE1DF437E7008AB23C /* Build configuration list for PBXNativeTarget "Pokemon" */;
			buildPhases = (
				20E33BD51DF437E6008AB23C /* Sources */,
				20E33BD61DF437E6008AB23C /* Frameworks */,
				20E33BD71DF437E6008AB23C /* Resources */,
			);
			buildRules = (
			);
			dependencies = (
			);
			name = Pokemon;
			productName = Pokemon;
			productReference = 20E33BD91DF437E7008AB23C /* Pokemon.app */;
			productType = "com.apple.product-type.application";
		};
/* End PBXNativeTarget section */

/* Begin PBXProject section */
		20E33BD11DF437E6008AB23C /* Project object */ = {
			isa = PBXProject;
			attributes = {
				LastSwiftUpdateCheck = 0810;
				LastUpgradeCheck = 0810;
				ORGANIZATIONNAME = "Laszlo Fulop";
				TargetAttributes = {
					20E33BD81DF437E6008AB23C = {
						CreatedOnToolsVersion = 8.1;
						ProvisioningStyle = Automatic;
					};
				};
			};
			buildConfigurationList = 20E33BD41DF437E6008AB23C /* Build configuration list for PBXProject "Pokemon" */;
			compatibilityVersion = "Xcode 3.2";
			developmentRegion = English;
			hasScannedForEncodings = 0;
			knownRegions = (
				en,
				Base,
			);
			mainGroup = 20E33BD01DF437E6008AB23C;
			productRefGroup = 20E33BDA1DF437E7008AB23C /* Products */;
			projectDirPath = "";
			projectRoot = "";
			targets = (
				20E33BD81DF437E6008AB23C /* Pokemon */,
			);
		};
/* End PBXProject section */

/* Begin PBXResourcesBuildPhase section */
		20E33BD71DF437E6008AB23C /* Resources */ = {
			isa = PBXResourcesBuildPhase;
			buildActionMask = 2147483647;
			files = (
				20E33BEA1DF437E7008AB23C /* LaunchScreen.storyboard in Resources */,
				20E33BE71DF437E7008AB23C /* Assets.xcassets in Resources */,
				20E33BE21DF437E7008AB23C /* Main.storyboard in Resources */,
			);
			runOnlyForDeploymentPostprocessing = 0;
		};
/* End PBXResourcesBuildPhase section */

/* Begin PBXSourcesBuildPhase section */
		20E33BD51DF437E6008AB23C /* Sources */ = {
			isa = PBXSourcesBuildPhase;
			buildActionMask = 2147483647;
			files = (
				20E33BDF1DF437E7008AB23C /* ViewController.swift in Sources */,
				20E33BDD1DF437E7008AB23C /* AppDelegate.swift in Sources */,
				20E33BE51DF437E7008AB23C /* Pokemon.xcdatamodeld in Sources */,
			);
			runOnlyForDeploymentPostprocessing = 0;
		};
/* End PBXSourcesBuildPhase section */

/* Begin PBXVariantGroup section */
		20E33BE01DF437E7008AB23C /* Main.storyboard */ = {
			isa = PBXVariantGroup;
			children = (
				20E33BE11DF437E7008AB23C /* Base */,
			);
			name = Main.storyboard;
			sourceTree = "<group>";
		};
		20E33BE81DF437E7008AB23C /* LaunchScreen.storyboard */ = {
			isa = PBXVariantGroup;
			children = (
				20E33BE91DF437E7008AB23C /* Base */,
			);
			name = LaunchScreen.storyboard;
			sourceTree = "<group>";
		};
/* End PBXVariantGroup section */

/* Begin XCBuildConfiguration section */
		20E33BEC1DF437E7008AB23C /* Debug */ = {
			isa = XCBuildConfiguration;
			buildSettings = {
				ALWAYS_SEARCH_USER_PATHS = NO;
				CLANG_ANALYZER_NONNULL = YES;
				CLANG_CXX_LANGUAGE_STANDARD = "gnu++0x";
				CLANG_CXX_LIBRARY = "libc++";
				CLANG_ENABLE_MODULES = YES;
				CLANG_ENABLE_OBJC_ARC = YES;
				CLANG_WARN_BOOL_CONVERSION = YES;
				CLANG_WARN_CONSTANT_CONVERSION = YES;
				CLANG_WARN_DIRECT_OBJC_ISA_USAGE = YES_ERROR;
				CLANG_WARN_DOCUMENTATION_COMMENTS = YES;
				CLANG_WARN_EMPTY_BODY = YES;
				CLANG_WARN_ENUM_CONVERSION = YES;
				CLANG_WARN_INFINITE_RECURSION = YES;
				CLANG_WARN_INT_CONVERSION = YES;
				CLANG_WARN_OBJC_ROOT_CLASS = YES_ERROR;
				CLANG_WARN_SUSPICIOUS_MOVES = YES;
				CLANG_WARN_UNREACHABLE_CODE = YES;
				CLANG_WARN__DUPLICATE_METHOD_MATCH = YES;
				"CODE_SIGN_IDENTITY[sdk=iphoneos*]" = "iPhone Developer";
				COPY_PHASE_STRIP = NO;
				DEBUG_INFORMATION_FORMAT = dwarf;
				ENABLE_STRICT_OBJC_MSGSEND = YES;
				ENABLE_TESTABILITY = YES;
				GCC_C_LANGUAGE_STANDARD = gnu99;
				GCC_DYNAMIC_NO_PIC = NO;
				GCC_NO_COMMON_BLOCKS = YES;
				GCC_OPTIMIZATION_LEVEL = 0;
				GCC_PREPROCESSOR_DEFINITIONS = (
					"DEBUG=1",
					"$(inherited)",
				);
				GCC_WARN_64_TO_32_BIT_CONVERSION = YES;
				GCC_WARN_ABOUT_RETURN_TYPE = YES_ERROR;
				GCC_WARN_UNDECLARED_SELECTOR = YES;
				GCC_WARN_UNINITIALIZED_AUTOS = YES_AGGRESSIVE;
				GCC_WARN_UNUSED_FUNCTION = YES;
				GCC_WARN_UNUSED_VARIABLE = YES;
				IPHONEOS_DEPLOYMENT_TARGET = 10.1;
				MTL_ENABLE_DEBUG_INFO = YES;
				ONLY_ACTIVE_ARCH = YES;
				SDKROOT = iphoneos;
				SWIFT_ACTIVE_COMPILATION_CONDITIONS = DEBUG;
				SWIFT_OPTIMIZATION_LEVEL = "-Onone";
				TARGETED_DEVICE_FAMILY = "1,2";
			};
			name = Debug;
		};
		20E33BED1DF437E7008AB23C /* Release */ = {
			isa = XCBuildConfiguration;
			buildSettings = {
				ALWAYS_SEARCH_USER_PATHS = NO;
				CLANG_ANALYZER_NONNULL = YES;
				CLANG_CXX_LANGUAGE_STANDARD = "gnu++0x";
				CLANG_CXX_LIBRARY = "libc++";
				CLANG_ENABLE_MODULES = YES;
				CLANG_ENABLE_OBJC_ARC = YES;
				CLANG_WARN_BOOL_CONVERSION = YES;
				CLANG_WARN_CONSTANT_CONVERSION = YES;
				CLANG_WARN_DIRECT_OBJC_ISA_USAGE = YES_ERROR;
				CLANG_WARN_DOCUMENTATION_COMMENTS = YES;
				CLANG_WARN_EMPTY_BODY = YES;
				CLANG_WARN_ENUM_CONVERSION = YES;
				CLANG_WARN_INFINITE_RECURSION = YES;
				CLANG_WARN_INT_CONVERSION = YES;
				CLANG_WARN_OBJC_ROOT_CLASS = YES_ERROR;
				CLANG_WARN_SUSPICIOUS_MOVES = YES;
				CLANG_WARN_UNREACHABLE_CODE = YES;
				CLANG_WARN__DUPLICATE_METHOD_MATCH = YES;
				"CODE_SIGN_IDENTITY[sdk=iphoneos*]" = "iPhone Developer";
				COPY_PHASE_STRIP = NO;
				DEBUG_INFORMATION_FORMAT = "dwarf-with-dsym";
				ENABLE_NS_ASSERTIONS = NO;
				ENABLE_STRICT_OBJC_MSGSEND = YES;
				GCC_C_LANGUAGE_STANDARD = gnu99;
				GCC_NO_COMMON_BLOCKS = YES;
				GCC_WARN_64_TO_32_BIT_CONVERSION = YES;
				GCC_WARN_ABOUT_RETURN_TYPE = YES_ERROR;
				GCC_WARN_UNDECLARED_SELECTOR = YES;
				GCC_WARN_UNINITIALIZED_AUTOS = YES_AGGRESSIVE;
				GCC_WARN_UNUSED_FUNCTION = YES;
				GCC_WARN_UNUSED_VARIABLE = YES;
				IPHONEOS_DEPLOYMENT_TARGET = 10.1;
				MTL_ENABLE_DEBUG_INFO = NO;
				SDKROOT = iphoneos;
				SWIFT_OPTIMIZATION_LEVEL = "-Owholemodule";
				TARGETED_DEVICE_FAMILY = "1,2";
				VALIDATE_PRODUCT = YES;
			};
			name = Release;
		};
		20E33BEF1DF437E7008AB23C /* Debug */ = {
			isa = XCBuildConfiguration;
			buildSettings = {
				ASSETCATALOG_COMPILER_APPICON_NAME = AppIcon;
				INFOPLIST_FILE = Pokemon/Info.plist;
				LD_RUNPATH_SEARCH_PATHS = "$(inherited) @executable_path/Frameworks";
				PRODUCT_BUNDLE_IDENTIFIER = com.LaszloFulop.Pokemon;
				PRODUCT_NAME = "$(TARGET_NAME)";
				SWIFT_VERSION = 3.0;
			};
			name = Debug;
		};
		20E33BF01DF437E7008AB23C /* Release */ = {
			isa = XCBuildConfiguration;
			buildSettings = {
				ASSETCATALOG_COMPILER_APPICON_NAME = AppIcon;
				INFOPLIST_FILE = Pokemon/Info.plist;
				LD_RUNPATH_SEARCH_PATHS = "$(inherited) @executable_path/Frameworks";
				PRODUCT_BUNDLE_IDENTIFIER = com.LaszloFulop.Pokemon;
				PRODUCT_NAME = "$(TARGET_NAME)";
				SWIFT_VERSION = 3.0;
			};
			name = Release;
		};
/* End XCBuildConfiguration section */

/* Begin XCConfigurationList section */
		20E33BD41DF437E6008AB23C /* Build configuration list for PBXProject "Pokemon" */ = {
			isa = XCConfigurationList;
			buildConfigurations = (
				20E33BEC1DF437E7008AB23C /* Debug */,
				20E33BED1DF437E7008AB23C /* Release */,
			);
			defaultConfigurationIsVisible = 0;
			defaultConfigurationName = Release;
		};
		20E33BEE1DF437E7008AB23C /* Build configuration list for PBXNativeTarget "Pokemon" */ = {
			isa = XCConfigurationList;
			buildConfigurations = (
				20E33BEF1DF437E7008AB23C /* Debug */,
				20E33BF01DF437E7008AB23C /* Release */,
			);
			defaultConfigurationIsVisible = 0;
		};
/* End XCConfigurationList section */

/* Begin XCVersionGroup section */
		20E33BE31DF437E7008AB23C /* Pokemon.xcdatamodeld */ = {
			isa = XCVersionGroup;
			children = (
				20E33BE41DF437E7008AB23C /* Pokemon.xcdatamodel */,
			);
			currentVersion = 20E33BE41DF437E7008AB23C /* Pokemon.xcdatamodel */;
			path = Pokemon.xcdatamodeld;
			sourceTree = "<group>";
			versionGroupType = wrapper.xcdatamodel;
		};
/* End XCVersionGroup section */
	};
	rootObject = 20E33BD11DF437E6008AB23C /* Project object */;
}
